
Microsoft Visual Studio Solution File, Format Version 12.00
# Visual Studio Version 17
VisualStudioVersion = 17.7.34221.43
MinimumVisualStudioVersion = 10.0.40219.1
Project("{FAE04EC0-301F-11D3-BF4B-00C04F79EFBC}") = "ParandCartonUpdate", "ParandCartonUpdate\ParandCartonUpdate.csproj", "{1BCAAB0D-D114-4C51-AEFB-8E45C678230A}"
EndProject
Global
	GlobalSection(SolutionConfigurationPlatforms) = preSolution
		Debug|Any CPU = Debug|Any CPU
		Release|Any CPU = Release|Any CPU
	EndGlobalSection
	GlobalSection(ProjectConfigurationPlatforms) = postSolution
		{1BCAAB0D-D114-4C51-AEFB-8E45C678230A}.Debug|Any CPU.ActiveCfg = Debug|Any CPU
		{1BCAAB0D-D114-4C51-AEFB-8E45C678230A}.Debug|Any CPU.Build.0 = Debug|Any CPU
		{1BCAAB0D-D114-4C51-AEFB-8E45C678230A}.Release|Any CPU.ActiveCfg = Release|Any CPU
		{1BCAAB0D-D114-4C51-AEFB-8E45C678230A}.Release|Any CPU.Build.0 = Release|Any CPU
	EndGlobalSection
	GlobalSection(SolutionProperties) = preSolution
		HideSolutionNode = FALSE
	EndGlobalSection
	GlobalSection(ExtensibilityGlobals) = postSolution
		SolutionGuid = {827D2284-E942-43E2-A101-198878A17838}
	EndGlobalSection
EndGlobal
